schema: '2.0'
stages:
  data_collection:
    cmd: python src/data/data_collection.py
    deps:
    - path: src/data/data_collection.py
      hash: md5
      md5: 429f2a2db08ef03a0672bb72c1383cad
      size: 1790
    params:
      params.yaml:
        data_collection.test_size: 0.2
    outs:
    - path: data/raw
      hash: md5
      md5: c0c2d65c14a603e91e029fda3c344a5c.dir
      size: 522262
      nfiles: 2
  preprocessing:
    cmd: python src/data/data_prep.py
    deps:
    - path: data/raw
      hash: md5
      md5: c0c2d65c14a603e91e029fda3c344a5c.dir
      size: 522262
      nfiles: 2
    - path: src/data/data_prep.py
      hash: md5
      md5: 67de32c8a7a4acdb1b68ccdbefcea821
      size: 2092
    outs:
    - path: data/processed
      hash: md5
      md5: 09d7d1468d5c1e6739769af7e3154438.dir
      size: 546137
      nfiles: 2
  model_building:
    cmd: python src/model/model_building.py
    deps:
    - path: data/processed
      hash: md5
      md5: 09d7d1468d5c1e6739769af7e3154438.dir
      size: 546137
      nfiles: 2
    - path: src/model/model_building.py
      hash: md5
      md5: 157aa805e8a7bb75447a8f774742d344
      size: 2560
    params:
      params.yaml:
        model_building.n_estimators: 100
    outs:
    - path: models/model.pkl
      hash: md5
      md5: cc9a388967f0062e758d8083bec0fbdf
      size: 7371667
  model_eval:
    cmd: python src/model/model_eval.py
    deps:
    - path: models/model.pkl
      hash: md5
      md5: cc9a388967f0062e758d8083bec0fbdf
      size: 7371667
    - path: src/model/model_eval.py
      hash: md5
      md5: 4f8bcc53356937e1d7fee511573bc1d4
      size: 3033
    outs:
    - path: reports/metrics.json
      hash: md5
      md5: d604b858fe887105e49dc17a0943672f
      size: 145
